
Microsoft Visual Studio Solution File, Format Version 12.00
# Visual Studio Version 17
VisualStudioVersion = 17.10.35122.118
MinimumVisualStudioVersion = 10.0.40219.1
Project("{FAE04EC0-301F-11D3-BF4B-00C04F79EFBC}") = "PracticeTasks", "PracticeTasks.csproj", "{EFC0BC73-E722-483D-954C-331F1AA32C45}"
EndProject
Global
	GlobalSection(SolutionConfigurationPlatforms) = preSolution
		Debug|Any CPU = Debug|Any CPU
		Release|Any CPU = Release|Any CPU
	EndGlobalSection
	GlobalSection(ProjectConfigurationPlatforms) = postSolution
		{EFC0BC73-E722-483D-954C-331F1AA32C45}.Debug|Any CPU.ActiveCfg = Debug|Any CPU
		{EFC0BC73-E722-483D-954C-331F1AA32C45}.Debug|Any CPU.Build.0 = Debug|Any CPU
		{EFC0BC73-E722-483D-954C-331F1AA32C45}.Release|Any CPU.ActiveCfg = Release|Any CPU
		{EFC0BC73-E722-483D-954C-331F1AA32C45}.Release|Any CPU.Build.0 = Release|Any CPU
	EndGlobalSection
	GlobalSection(SolutionProperties) = preSolution
		HideSolutionNode = FALSE
	EndGlobalSection
	GlobalSection(ExtensibilityGlobals) = postSolution
		SolutionGuid = {ABCE9173-7533-4ADD-925B-AFD81ED24D7A}
	EndGlobalSection
EndGlobal
